[command]/home/runner/work/_temp/691dbfdc-bd0c-4ae8-81dc-69a4d2feef52/terraform-bin show -no-color tfplan.tmp

Terraform used the selected providers to generate the following execution
plan. Resource actions are indicated with the following symbols:
  + create

Terraform will perform the following actions:

  # aws_instance.web will be created
  + resource "aws_instance" "web" {
      + ami                                  = "ami-04b4f1a9cf54c11d0"
      + arn                                  = (known after apply)
      + associate_public_ip_address          = (known after apply)
      + availability_zone                    = (known after apply)
      + cpu_core_count                       = (known after apply)
      + cpu_threads_per_core                 = (known after apply)
      + disable_api_stop                     = (known after apply)
      + disable_api_termination              = (known after apply)
      + ebs_optimized                        = (known after apply)
      + get_password_data                    = false
      + host_id                              = (known after apply)
      + host_resource_group_arn              = (known after apply)
      + iam_instance_profile                 = (known after apply)
      + id                                   = (known after apply)
      + instance_initiated_shutdown_behavior = (known after apply)
      + instance_state                       = (known after apply)
      + instance_type                        = "t2.micro"
      + ipv6_address_count                   = (known after apply)
      + ipv6_addresses                       = (known after apply)
      + key_name                             = (sensitive value)
      + monitoring                           = (known after apply)
      + outpost_arn                          = (known after apply)
      + password_data                        = (known after apply)
      + placement_group                      = (known after apply)
      + placement_partition_number           = (known after apply)
      + primary_network_interface_id         = (known after apply)
      + private_dns                          = (known after apply)
      + private_ip                           = (known after apply)
      + public_dns                           = (known after apply)
      + public_ip                            = (known after apply)
      + secondary_private_ips                = (known after apply)
      + security_groups                      = (known after apply)
      + source_dest_check                    = true
      + subnet_id                            = (known after apply)
      + tags                                 = {
          + "Name" = "terraform_instance"
        }
      + tags_all                             = {
          + "Name" = "terraform_instance"
        }
      + tenancy                              = (known after apply)
      + user_data                            = (known after apply)
      + user_data_base64                     = (known after apply)
      + user_data_replace_on_change          = false
      + vpc_security_group_ids               = (known after apply)

      + capacity_reservation_specification (known after apply)

      + cpu_options (known after apply)

      + ebs_block_device (known after apply)

      + enclave_options (known after apply)

      + ephemeral_block_device (known after apply)

      + maintenance_options (known after apply)

      + metadata_options (known after apply)

      + network_interface (known after apply)

      + private_dns_name_options (known after apply)

      + root_block_device (known after apply)
    }

  # aws_key_pair.key_pair_terraform will be created
  + resource "aws_key_pair" "key_pair_terraform" {
      + arn             = (known after apply)
      + fingerprint     = (known after apply)
      + id              = (known after apply)
      + key_name        = (sensitive value)
      + key_name_prefix = (known after apply)
      + key_pair_id     = (known after apply)
      + key_type        = (known after apply)
      + public_key      = (known after apply)
      + tags_all        = (known after apply)
    }

  # local_file.private_key will be created
  + resource "local_file" "private_key" {
      + content              = (sensitive value)
      + content_base64sha256 = (known after apply)
      + content_base64sha512 = (known after apply)
      + content_md5          = (known after apply)
      + content_sha1         = (known after apply)
      + content_sha256       = (known after apply)
      + content_sha512       = (known after apply)
      + directory_permission = "0777"
      + file_permission      = "0777"
      + id                   = (known after apply)
        # (1 unchanged attribute hidden)
    }

  # tls_private_key.rsa_4096_terraform will be created
  + resource "tls_private_key" "rsa_4096_terraform" {
      + algorithm                     = "RSA"
      + ecdsa_curve                   = "P224"
      + id                            = (known after apply)
      + private_key_openssh           = (sensitive value)
      + private_key_pem               = (sensitive value)
      + private_key_pem_pkcs8         = (sensitive value)
      + public_key_fingerprint_md5    = (known after apply)
      + public_key_fingerprint_sha256 = (known after apply)
      + public_key_openssh            = (known after apply)
      + public_key_pem                = (known after apply)
      + rsa_bits                      = 4096
    }

Plan: 4 to add, 0 to change, 0 to destroy.
::debug::Terraform exited with code 0.
::debug::stdout: %0ATerraform used the selected providers to generate the following execution%0Aplan. Resource actions are indicated with the following symbols:%0A  + create%0A%0ATerraform will perform the following actions:%0A%0A  # aws_instance.web will be created%0A  + resource "aws_instance" "web" {%0A      + ami                                  = "ami-04b4f1a9cf54c11d0"%0A      + arn                                  = (known after apply)%0A      + associate_public_ip_address          = (known after apply)%0A      + availability_zone                    = (known after apply)%0A      + cpu_core_count                       = (known after apply)%0A      + cpu_threads_per_core                 = (known after apply)%0A      + disable_api_stop                     = (known after apply)%0A      + disable_api_termination              = (known after apply)%0A      + ebs_optimized                        = (known after apply)%0A      + get_password_data                    = false%0A      + host_id                              = (known after apply)%0A      + host_resource_group_arn              = (known after apply)%0A      + iam_instance_profile                 = (known after apply)%0A      + id                                   = (known after apply)%0A      + instance_initiated_shutdown_behavior = (known after apply)%0A      + instance_state                       = (known after apply)%0A      + instance_type                        = "t2.micro"%0A      + ipv6_address_count                   = (known after apply)%0A      + ipv6_addresses                       = (known after apply)%0A      + key_name                             = (sensitive value)%0A      + monitoring                           = (known after apply)%0A      + outpost_arn                          = (known after apply)%0A      + password_data                        = (known after apply)%0A      + placement_group                      = (known after apply)%0A      + placement_partition_number           = (known after apply)%0A      + primary_network_interface_id         = (known after apply)%0A      + private_dns                          = (known after apply)%0A      + private_ip                           = (known after apply)%0A      + public_dns                           = (known after apply)%0A      + public_ip                            = (known after apply)%0A      + secondary_private_ips                = (known after apply)%0A      + security_groups                      = (known after apply)%0A      + source_dest_check                    = true%0A      + subnet_id                            = (known after apply)%0A      + tags                                 = {%0A          + "Name" = "terraform_instance"%0A        }%0A      + tags_all                             = {%0A          + "Name" = "terraform_instance"%0A        }%0A      + tenancy                              = (known after apply)%0A      + user_data                            = (known after apply)%0A      + user_data_base64                     = (known after apply)%0A      + user_data_replace_on_change          = false%0A      + vpc_security_group_ids               = (known after apply)%0A%0A      + capacity_reservation_specification (known after apply)%0A%0A      + cpu_options (known after apply)%0A%0A      + ebs_block_device (known after apply)%0A%0A      + enclave_options (known after apply)%0A%0A      + ephemeral_block_device (known after apply)%0A%0A      + maintenance_options (known after apply)%0A%0A      + metadata_options (known after apply)%0A%0A      + network_interface (known after apply)%0A%0A      + private_dns_name_options (known after apply)%0A%0A      + root_block_device (known after apply)%0A    }%0A%0A  # aws_key_pair.key_pair_terraform will be created%0A  + resource "aws_key_pair" "key_pair_terraform" {%0A      + arn             = (known after apply)%0A      + fingerprint     = (known after apply)%0A      + id              = (known after apply)%0A      + key_name        = (sensitive value)%0A      + key_name_prefix = (known after apply)%0A      + key_pair_id     = (known after apply)%0A      + key_type        = (known after apply)%0A      + public_key      = (known after apply)%0A      + tags_all        = (known after apply)%0A    }%0A%0A  # local_file.private_key will be created%0A  + resource "local_file" "private_key" {%0A      + content              = (sensitive value)%0A      + content_base64sha256 = (known after apply)%0A      + content_base64sha512 = (known after apply)%0A      + content_md5          = (known after apply)%0A      + content_sha1         = (known after apply)%0A      + content_sha256       = (known after apply)%0A      + content_sha512       = (known after apply)%0A      + directory_permission = "0777"%0A      + file_permission      = "0777"%0A      + id                   = (known after apply)%0A        # (1 unchanged attribute hidden)%0A    }%0A%0A  # tls_private_key.rsa_4096_terraform will be created%0A  + resource "tls_private_key" "rsa_4096_terraform" {%0A      + algorithm                     = "RSA"%0A      + ecdsa_curve                   = "P224"%0A      + id                            = (known after apply)%0A      + private_key_openssh           = (sensitive value)%0A      + private_key_pem               = (sensitive value)%0A      + private_key_pem_pkcs8         = (sensitive value)%0A      + public_key_fingerprint_md5    = (known after apply)%0A      + public_key_fingerprint_sha256 = (known after apply)%0A      + public_key_openssh            = (known after apply)%0A      + public_key_pem                = (known after apply)%0A      + rsa_bits                      = 4096%0A    }%0A%0APlan: 4 to add, 0 to change, 0 to destroy.%0A
::debug::stderr: 
::debug::exitcode: 0

::set-output name=stdout::%0ATerraform used the selected providers to generate the following execution%0Aplan. Resource actions are indicated with the following symbols:%0A  + create%0A%0ATerraform will perform the following actions:%0A%0A  # aws_instance.web will be created%0A  + resource "aws_instance" "web" {%0A      + ami                                  = "ami-04b4f1a9cf54c11d0"%0A      + arn                                  = (known after apply)%0A      + associate_public_ip_address          = (known after apply)%0A      + availability_zone                    = (known after apply)%0A      + cpu_core_count                       = (known after apply)%0A      + cpu_threads_per_core                 = (known after apply)%0A      + disable_api_stop                     = (known after apply)%0A      + disable_api_termination              = (known after apply)%0A      + ebs_optimized                        = (known after apply)%0A      + get_password_data                    = false%0A      + host_id                              = (known after apply)%0A      + host_resource_group_arn              = (known after apply)%0A      + iam_instance_profile                 = (known after apply)%0A      + id                                   = (known after apply)%0A      + instance_initiated_shutdown_behavior = (known after apply)%0A      + instance_state                       = (known after apply)%0A      + instance_type                        = "t2.micro"%0A      + ipv6_address_count                   = (known after apply)%0A      + ipv6_addresses                       = (known after apply)%0A      + key_name                             = (sensitive value)%0A      + monitoring                           = (known after apply)%0A      + outpost_arn                          = (known after apply)%0A      + password_data                        = (known after apply)%0A      + placement_group                      = (known after apply)%0A      + placement_partition_number           = (known after apply)%0A      + primary_network_interface_id         = (known after apply)%0A      + private_dns                          = (known after apply)%0A      + private_ip                           = (known after apply)%0A      + public_dns                           = (known after apply)%0A      + public_ip                            = (known after apply)%0A      + secondary_private_ips                = (known after apply)%0A      + security_groups                      = (known after apply)%0A      + source_dest_check                    = true%0A      + subnet_id                            = (known after apply)%0A      + tags                                 = {%0A          + "Name" = "terraform_instance"%0A        }%0A      + tags_all                             = {%0A          + "Name" = "terraform_instance"%0A        }%0A      + tenancy                              = (known after apply)%0A      + user_data                            = (known after apply)%0A      + user_data_base64                     = (known after apply)%0A      + user_data_replace_on_change          = false%0A      + vpc_security_group_ids               = (known after apply)%0A%0A      + capacity_reservation_specification (known after apply)%0A%0A      + cpu_options (known after apply)%0A%0A      + ebs_block_device (known after apply)%0A%0A      + enclave_options (known after apply)%0A%0A      + ephemeral_block_device (known after apply)%0A%0A      + maintenance_options (known after apply)%0A%0A      + metadata_options (known after apply)%0A%0A      + network_interface (known after apply)%0A%0A      + private_dns_name_options (known after apply)%0A%0A      + root_block_device (known after apply)%0A    }%0A%0A  # aws_key_pair.key_pair_terraform will be created%0A  + resource "aws_key_pair" "key_pair_terraform" {%0A      + arn             = (known after apply)%0A      + fingerprint     = (known after apply)%0A      + id              = (known after apply)%0A      + key_name        = (sensitive value)%0A      + key_name_prefix = (known after apply)%0A      + key_pair_id     = (known after apply)%0A      + key_type        = (known after apply)%0A      + public_key      = (known after apply)%0A      + tags_all        = (known after apply)%0A    }%0A%0A  # local_file.private_key will be created%0A  + resource "local_file" "private_key" {%0A      + content              = (sensitive value)%0A      + content_base64sha256 = (known after apply)%0A      + content_base64sha512 = (known after apply)%0A      + content_md5          = (known after apply)%0A      + content_sha1         = (known after apply)%0A      + content_sha256       = (known after apply)%0A      + content_sha512       = (known after apply)%0A      + directory_permission = "0777"%0A      + file_permission      = "0777"%0A      + id                   = (known after apply)%0A        # (1 unchanged attribute hidden)%0A    }%0A%0A  # tls_private_key.rsa_4096_terraform will be created%0A  + resource "tls_private_key" "rsa_4096_terraform" {%0A      + algorithm                     = "RSA"%0A      + ecdsa_curve                   = "P224"%0A      + id                            = (known after apply)%0A      + private_key_openssh           = (sensitive value)%0A      + private_key_pem               = (sensitive value)%0A      + private_key_pem_pkcs8         = (sensitive value)%0A      + public_key_fingerprint_md5    = (known after apply)%0A      + public_key_fingerprint_sha256 = (known after apply)%0A      + public_key_openssh            = (known after apply)%0A      + public_key_pem                = (known after apply)%0A      + rsa_bits                      = 4096%0A    }%0A%0APlan: 4 to add, 0 to change, 0 to destroy.%0A

::set-output name=stderr::

::set-output name=exitcode::0
